
Microsoft Visual Studio Solution File, Format Version 12.00
# Visual Studio Version 17
VisualStudioVersion = 17.11.35327.3
MinimumVisualStudioVersion = 10.0.40219.1
Project("{FAE04EC0-301F-11D3-BF4B-00C04F79EFBC}") = "ApiHollowKnight", "ApiHollowKnight\ApiHollowKnight.csproj", "{895DA781-F3B4-440F-948A-311B9861045E}"
EndProject
Global
	GlobalSection(SolutionConfigurationPlatforms) = preSolution
		Debug|Any CPU = Debug|Any CPU
		Release|Any CPU = Release|Any CPU
	EndGlobalSection
	GlobalSection(ProjectConfigurationPlatforms) = postSolution
		{895DA781-F3B4-440F-948A-311B9861045E}.Debug|Any CPU.ActiveCfg = Debug|Any CPU
		{895DA781-F3B4-440F-948A-311B9861045E}.Debug|Any CPU.Build.0 = Debug|Any CPU
		{895DA781-F3B4-440F-948A-311B9861045E}.Release|Any CPU.ActiveCfg = Release|Any CPU
		{895DA781-F3B4-440F-948A-311B9861045E}.Release|Any CPU.Build.0 = Release|Any CPU
	EndGlobalSection
	GlobalSection(SolutionProperties) = preSolution
		HideSolutionNode = FALSE
	EndGlobalSection
	GlobalSection(ExtensibilityGlobals) = postSolution
		SolutionGuid = {217053C7-1BED-49ED-B91B-AB1D94E03560}
	EndGlobalSection
EndGlobal
